
Microsoft Visual Studio Solution File, Format Version 12.00
# Visual Studio Version 16
VisualStudioVersion = 16.0.30309.148
MinimumVisualStudioVersion = 10.0.40219.1
Project("{9A19103F-16F7-4668-BE54-9A1E7A4F7556}") = "JsonLibrary", "Test\JsonLibrary.csproj", "{61002848-2F28-4CBD-9197-DFFAEEE7D41B}"
EndProject
Project("{9A19103F-16F7-4668-BE54-9A1E7A4F7556}") = "SushiShop", "SushiShop\SushiShop.csproj", "{B6672F24-FE18-42F5-838B-42363BED5E0B}"
EndProject
Project("{9A19103F-16F7-4668-BE54-9A1E7A4F7556}") = "PasswordLibrary", "PasswordLibrary\PasswordLibrary.csproj", "{B42597A3-6CC7-4DD4-BFA8-977F52CC85FE}"
EndProject
Global
	GlobalSection(SolutionConfigurationPlatforms) = preSolution
		Debug|Any CPU = Debug|Any CPU
		Release|Any CPU = Release|Any CPU
	EndGlobalSection
	GlobalSection(ProjectConfigurationPlatforms) = postSolution
		{61002848-2F28-4CBD-9197-DFFAEEE7D41B}.Debug|Any CPU.ActiveCfg = Debug|Any CPU
		{61002848-2F28-4CBD-9197-DFFAEEE7D41B}.Debug|Any CPU.Build.0 = Debug|Any CPU
		{61002848-2F28-4CBD-9197-DFFAEEE7D41B}.Release|Any CPU.ActiveCfg = Release|Any CPU
		{61002848-2F28-4CBD-9197-DFFAEEE7D41B}.Release|Any CPU.Build.0 = Release|Any CPU
		{B6672F24-FE18-42F5-838B-42363BED5E0B}.Debug|Any CPU.ActiveCfg = Debug|Any CPU
		{B6672F24-FE18-42F5-838B-42363BED5E0B}.Debug|Any CPU.Build.0 = Debug|Any CPU
		{B6672F24-FE18-42F5-838B-42363BED5E0B}.Release|Any CPU.ActiveCfg = Release|Any CPU
		{B6672F24-FE18-42F5-838B-42363BED5E0B}.Release|Any CPU.Build.0 = Release|Any CPU
		{B42597A3-6CC7-4DD4-BFA8-977F52CC85FE}.Debug|Any CPU.ActiveCfg = Debug|Any CPU
		{B42597A3-6CC7-4DD4-BFA8-977F52CC85FE}.Debug|Any CPU.Build.0 = Debug|Any CPU
		{B42597A3-6CC7-4DD4-BFA8-977F52CC85FE}.Release|Any CPU.ActiveCfg = Release|Any CPU
		{B42597A3-6CC7-4DD4-BFA8-977F52CC85FE}.Release|Any CPU.Build.0 = Release|Any CPU
	EndGlobalSection
	GlobalSection(SolutionProperties) = preSolution
		HideSolutionNode = FALSE
	EndGlobalSection
	GlobalSection(ExtensibilityGlobals) = postSolution
		SolutionGuid = {70CF082B-AC6E-4FE9-9D8B-B0601FBABEFE}
	EndGlobalSection
EndGlobal
